
Microsoft Visual Studio Solution File, Format Version 12.00
# Visual Studio Version 17
VisualStudioVersion = 17.11.35312.102
MinimumVisualStudioVersion = 10.0.40219.1
Project("{9A19103F-16F7-4668-BE54-9A1E7A4F7556}") = "Luxoria.App", "Luxoria.App\Luxoria.App.csproj", "{4D7BBDAD-CF00-44A9-AFC5-2CAFFD8A79D5}"
EndProject
Project("{FAE04EC0-301F-11D3-BF4B-00C04F79EFBC}") = "Luxoria.Core", "Luxoria.Core\Luxoria.Core.csproj", "{B3FDA9BD-F5B2-4C29-A333-39AA26EAE8D4}"
EndProject
Project("{FAE04EC0-301F-11D3-BF4B-00C04F79EFBC}") = "Luxoria.Modules", "Luxoria.Modules\Luxoria.Modules.csproj", "{24BCA716-0F5C-4C0E-837D-3D94108E18E0}"
EndProject
Project("{FAE04EC0-301F-11D3-BF4B-00C04F79EFBC}") = "Luxoria.SDK", "Luxoria.SDK\Luxoria.SDK.csproj", "{CA9F3FAE-E700-4097-ABF6-204CB72886EB}"
EndProject
Global
	GlobalSection(SolutionConfigurationPlatforms) = preSolution
		Debug|Any CPU = Debug|Any CPU
		Debug|ARM64 = Debug|ARM64
		Debug|x64 = Debug|x64
		Debug|x86 = Debug|x86
		Release|Any CPU = Release|Any CPU
		Release|ARM64 = Release|ARM64
		Release|x64 = Release|x64
		Release|x86 = Release|x86
	EndGlobalSection
	GlobalSection(ProjectConfigurationPlatforms) = postSolution
		{4D7BBDAD-CF00-44A9-AFC5-2CAFFD8A79D5}.Debug|Any CPU.ActiveCfg = Debug|x64
		{4D7BBDAD-CF00-44A9-AFC5-2CAFFD8A79D5}.Debug|Any CPU.Build.0 = Debug|x64
		{4D7BBDAD-CF00-44A9-AFC5-2CAFFD8A79D5}.Debug|Any CPU.Deploy.0 = Debug|x64
		{4D7BBDAD-CF00-44A9-AFC5-2CAFFD8A79D5}.Debug|ARM64.ActiveCfg = Debug|ARM64
		{4D7BBDAD-CF00-44A9-AFC5-2CAFFD8A79D5}.Debug|ARM64.Build.0 = Debug|ARM64
		{4D7BBDAD-CF00-44A9-AFC5-2CAFFD8A79D5}.Debug|ARM64.Deploy.0 = Debug|ARM64
		{4D7BBDAD-CF00-44A9-AFC5-2CAFFD8A79D5}.Debug|x64.ActiveCfg = Debug|x64
		{4D7BBDAD-CF00-44A9-AFC5-2CAFFD8A79D5}.Debug|x64.Build.0 = Debug|x64
		{4D7BBDAD-CF00-44A9-AFC5-2CAFFD8A79D5}.Debug|x64.Deploy.0 = Debug|x64
		{4D7BBDAD-CF00-44A9-AFC5-2CAFFD8A79D5}.Debug|x86.ActiveCfg = Debug|x86
		{4D7BBDAD-CF00-44A9-AFC5-2CAFFD8A79D5}.Debug|x86.Build.0 = Debug|x86
		{4D7BBDAD-CF00-44A9-AFC5-2CAFFD8A79D5}.Debug|x86.Deploy.0 = Debug|x86
		{4D7BBDAD-CF00-44A9-AFC5-2CAFFD8A79D5}.Release|Any CPU.ActiveCfg = Release|x64
		{4D7BBDAD-CF00-44A9-AFC5-2CAFFD8A79D5}.Release|Any CPU.Build.0 = Release|x64
		{4D7BBDAD-CF00-44A9-AFC5-2CAFFD8A79D5}.Release|Any CPU.Deploy.0 = Release|x64
		{4D7BBDAD-CF00-44A9-AFC5-2CAFFD8A79D5}.Release|ARM64.ActiveCfg = Release|ARM64
		{4D7BBDAD-CF00-44A9-AFC5-2CAFFD8A79D5}.Release|ARM64.Build.0 = Release|ARM64
		{4D7BBDAD-CF00-44A9-AFC5-2CAFFD8A79D5}.Release|ARM64.Deploy.0 = Release|ARM64
		{4D7BBDAD-CF00-44A9-AFC5-2CAFFD8A79D5}.Release|x64.ActiveCfg = Release|x64
		{4D7BBDAD-CF00-44A9-AFC5-2CAFFD8A79D5}.Release|x64.Build.0 = Release|x64
		{4D7BBDAD-CF00-44A9-AFC5-2CAFFD8A79D5}.Release|x64.Deploy.0 = Release|x64
		{4D7BBDAD-CF00-44A9-AFC5-2CAFFD8A79D5}.Release|x86.ActiveCfg = Release|x86
		{4D7BBDAD-CF00-44A9-AFC5-2CAFFD8A79D5}.Release|x86.Build.0 = Release|x86
		{4D7BBDAD-CF00-44A9-AFC5-2CAFFD8A79D5}.Release|x86.Deploy.0 = Release|x86
		{B3FDA9BD-F5B2-4C29-A333-39AA26EAE8D4}.Debug|Any CPU.ActiveCfg = Debug|Any CPU
		{B3FDA9BD-F5B2-4C29-A333-39AA26EAE8D4}.Debug|Any CPU.Build.0 = Debug|Any CPU
		{B3FDA9BD-F5B2-4C29-A333-39AA26EAE8D4}.Debug|ARM64.ActiveCfg = Debug|Any CPU
		{B3FDA9BD-F5B2-4C29-A333-39AA26EAE8D4}.Debug|ARM64.Build.0 = Debug|Any CPU
		{B3FDA9BD-F5B2-4C29-A333-39AA26EAE8D4}.Debug|x64.ActiveCfg = Debug|Any CPU
		{B3FDA9BD-F5B2-4C29-A333-39AA26EAE8D4}.Debug|x64.Build.0 = Debug|Any CPU
		{B3FDA9BD-F5B2-4C29-A333-39AA26EAE8D4}.Debug|x86.ActiveCfg = Debug|Any CPU
		{B3FDA9BD-F5B2-4C29-A333-39AA26EAE8D4}.Debug|x86.Build.0 = Debug|Any CPU
		{B3FDA9BD-F5B2-4C29-A333-39AA26EAE8D4}.Release|Any CPU.ActiveCfg = Release|Any CPU
		{B3FDA9BD-F5B2-4C29-A333-39AA26EAE8D4}.Release|Any CPU.Build.0 = Release|Any CPU
		{B3FDA9BD-F5B2-4C29-A333-39AA26EAE8D4}.Release|ARM64.ActiveCfg = Release|Any CPU
		{B3FDA9BD-F5B2-4C29-A333-39AA26EAE8D4}.Release|ARM64.Build.0 = Release|Any CPU
		{B3FDA9BD-F5B2-4C29-A333-39AA26EAE8D4}.Release|x64.ActiveCfg = Release|Any CPU
		{B3FDA9BD-F5B2-4C29-A333-39AA26EAE8D4}.Release|x64.Build.0 = Release|Any CPU
		{B3FDA9BD-F5B2-4C29-A333-39AA26EAE8D4}.Release|x86.ActiveCfg = Release|Any CPU
		{B3FDA9BD-F5B2-4C29-A333-39AA26EAE8D4}.Release|x86.Build.0 = Release|Any CPU
		{24BCA716-0F5C-4C0E-837D-3D94108E18E0}.Debug|Any CPU.ActiveCfg = Debug|Any CPU
		{24BCA716-0F5C-4C0E-837D-3D94108E18E0}.Debug|Any CPU.Build.0 = Debug|Any CPU
		{24BCA716-0F5C-4C0E-837D-3D94108E18E0}.Debug|ARM64.ActiveCfg = Debug|Any CPU
		{24BCA716-0F5C-4C0E-837D-3D94108E18E0}.Debug|ARM64.Build.0 = Debug|Any CPU
		{24BCA716-0F5C-4C0E-837D-3D94108E18E0}.Debug|x64.ActiveCfg = Debug|Any CPU
		{24BCA716-0F5C-4C0E-837D-3D94108E18E0}.Debug|x64.Build.0 = Debug|Any CPU
		{24BCA716-0F5C-4C0E-837D-3D94108E18E0}.Debug|x86.ActiveCfg = Debug|Any CPU
		{24BCA716-0F5C-4C0E-837D-3D94108E18E0}.Debug|x86.Build.0 = Debug|Any CPU
		{24BCA716-0F5C-4C0E-837D-3D94108E18E0}.Release|Any CPU.ActiveCfg = Release|Any CPU
		{24BCA716-0F5C-4C0E-837D-3D94108E18E0}.Release|Any CPU.Build.0 = Release|Any CPU
		{24BCA716-0F5C-4C0E-837D-3D94108E18E0}.Release|ARM64.ActiveCfg = Release|Any CPU
		{24BCA716-0F5C-4C0E-837D-3D94108E18E0}.Release|ARM64.Build.0 = Release|Any CPU
		{24BCA716-0F5C-4C0E-837D-3D94108E18E0}.Release|x64.ActiveCfg = Release|Any CPU
		{24BCA716-0F5C-4C0E-837D-3D94108E18E0}.Release|x64.Build.0 = Release|Any CPU
		{24BCA716-0F5C-4C0E-837D-3D94108E18E0}.Release|x86.ActiveCfg = Release|Any CPU
		{24BCA716-0F5C-4C0E-837D-3D94108E18E0}.Release|x86.Build.0 = Release|Any CPU
		{CA9F3FAE-E700-4097-ABF6-204CB72886EB}.Debug|Any CPU.ActiveCfg = Debug|Any CPU
		{CA9F3FAE-E700-4097-ABF6-204CB72886EB}.Debug|Any CPU.Build.0 = Debug|Any CPU
		{CA9F3FAE-E700-4097-ABF6-204CB72886EB}.Debug|ARM64.ActiveCfg = Debug|Any CPU
		{CA9F3FAE-E700-4097-ABF6-204CB72886EB}.Debug|ARM64.Build.0 = Debug|Any CPU
		{CA9F3FAE-E700-4097-ABF6-204CB72886EB}.Debug|x64.ActiveCfg = Debug|Any CPU
		{CA9F3FAE-E700-4097-ABF6-204CB72886EB}.Debug|x64.Build.0 = Debug|Any CPU
		{CA9F3FAE-E700-4097-ABF6-204CB72886EB}.Debug|x86.ActiveCfg = Debug|Any CPU
		{CA9F3FAE-E700-4097-ABF6-204CB72886EB}.Debug|x86.Build.0 = Debug|Any CPU
		{CA9F3FAE-E700-4097-ABF6-204CB72886EB}.Release|Any CPU.ActiveCfg = Release|Any CPU
		{CA9F3FAE-E700-4097-ABF6-204CB72886EB}.Release|Any CPU.Build.0 = Release|Any CPU
		{CA9F3FAE-E700-4097-ABF6-204CB72886EB}.Release|ARM64.ActiveCfg = Release|Any CPU
		{CA9F3FAE-E700-4097-ABF6-204CB72886EB}.Release|ARM64.Build.0 = Release|Any CPU
		{CA9F3FAE-E700-4097-ABF6-204CB72886EB}.Release|x64.ActiveCfg = Release|Any CPU
		{CA9F3FAE-E700-4097-ABF6-204CB72886EB}.Release|x64.Build.0 = Release|Any CPU
		{CA9F3FAE-E700-4097-ABF6-204CB72886EB}.Release|x86.ActiveCfg = Release|Any CPU
		{CA9F3FAE-E700-4097-ABF6-204CB72886EB}.Release|x86.Build.0 = Release|Any CPU
	EndGlobalSection
	GlobalSection(SolutionProperties) = preSolution
		HideSolutionNode = FALSE
	EndGlobalSection
	GlobalSection(ExtensibilityGlobals) = postSolution
		SolutionGuid = {67D2C71B-9FAD-4EC1-B7DD-AB05F73D5457}
	EndGlobalSection
EndGlobal
